// !$*UTF8*$!
{
	archiveVersion = 1;
	classes = {
	};
	objectVersion = 51;
	objects = {

/* Begin PBXBuildFile section */
		11DA99BF481C660B7A114425 /* Pods_CommonPods_News.framework in Frameworks */ = {isa = PBXBuildFile; fileRef = 75733EEDE5AC523692743374 /* Pods_CommonPods_News.framework */; };
		638D858B25A88B69001D96FD /* SettingsDataSource.swift in Sources */ = {isa = PBXBuildFile; fileRef = 638D858925A88B69001D96FD /* SettingsDataSource.swift */; };
		638D858C25A88B69001D96FD /* ResourceCell.swift in Sources */ = {isa = PBXBuildFile; fileRef = 638D858A25A88B69001D96FD /* ResourceCell.swift */; };
		638D859125A88C76001D96FD /* ResourceItem.swift in Sources */ = {isa = PBXBuildFile; fileRef = 638D859025A88C76001D96FD /* ResourceItem.swift */; };
		638D859925A8A0EE001D96FD /* ResourceHeader.swift in Sources */ = {isa = PBXBuildFile; fileRef = 638D859825A8A0EE001D96FD /* ResourceHeader.swift */; };
		638D859E25A8DAAE001D96FD /* AutoUpdateCell.swift in Sources */ = {isa = PBXBuildFile; fileRef = 638D859D25A8DAAE001D96FD /* AutoUpdateCell.swift */; };
		638D85A325A9BCB2001D96FD /* Colors.xcassets in Resources */ = {isa = PBXBuildFile; fileRef = 638D85A225A9BCB1001D96FD /* Colors.xcassets */; };
		63AF2C0625A5A71800B9EC97 /* NewsListDataSource.swift in Sources */ = {isa = PBXBuildFile; fileRef = 63AF2C0525A5A71800B9EC97 /* NewsListDataSource.swift */; };
		63AF2C0E25A5A81800B9EC97 /* NewsCell.swift in Sources */ = {isa = PBXBuildFile; fileRef = 63AF2C0D25A5A81800B9EC97 /* NewsCell.swift */; };
		63AF2C1325A5A9C000B9EC97 /* UIImageExtension.swift in Sources */ = {isa = PBXBuildFile; fileRef = 63AF2C1225A5A9C000B9EC97 /* UIImageExtension.swift */; };
		63DBD28325A1FFDC00BD4E66 /* AppDelegate.swift in Sources */ = {isa = PBXBuildFile; fileRef = 63DBD28225A1FFDC00BD4E66 /* AppDelegate.swift */; };
		63DBD28525A1FFDC00BD4E66 /* SceneDelegate.swift in Sources */ = {isa = PBXBuildFile; fileRef = 63DBD28425A1FFDC00BD4E66 /* SceneDelegate.swift */; };
		63DBD28A25A1FFDC00BD4E66 /* Main.storyboard in Resources */ = {isa = PBXBuildFile; fileRef = 63DBD28825A1FFDC00BD4E66 /* Main.storyboard */; };
		63DBD28F25A1FFDF00BD4E66 /* Assets.xcassets in Resources */ = {isa = PBXBuildFile; fileRef = 63DBD28E25A1FFDF00BD4E66 /* Assets.xcassets */; };
		63DBD29225A1FFDF00BD4E66 /* LaunchScreen.storyboard in Resources */ = {isa = PBXBuildFile; fileRef = 63DBD29025A1FFDF00BD4E66 /* LaunchScreen.storyboard */; };
		63DBD29D25A1FFDF00BD4E66 /* NewsTests.swift in Sources */ = {isa = PBXBuildFile; fileRef = 63DBD29C25A1FFDF00BD4E66 /* NewsTests.swift */; };
		63DBD2A825A1FFDF00BD4E66 /* NewsUITests.swift in Sources */ = {isa = PBXBuildFile; fileRef = 63DBD2A725A1FFDF00BD4E66 /* NewsUITests.swift */; };
		63DBD32325A2003400BD4E66 /* ArrayExtension.swift in Sources */ = {isa = PBXBuildFile; fileRef = 63DBD2D625A2003400BD4E66 /* ArrayExtension.swift */; };
		63DBD32825A2003400BD4E66 /* ColorExtension.swift in Sources */ = {isa = PBXBuildFile; fileRef = 63DBD2DB25A2003400BD4E66 /* ColorExtension.swift */; };
		63DBD32C25A2003400BD4E66 /* UserDefaultsExtension.swift in Sources */ = {isa = PBXBuildFile; fileRef = 63DBD2DF25A2003400BD4E66 /* UserDefaultsExtension.swift */; };
		63DBD32E25A2003400BD4E66 /* DateExtension.swift in Sources */ = {isa = PBXBuildFile; fileRef = 63DBD2E125A2003400BD4E66 /* DateExtension.swift */; };
		63DBD33125A2003400BD4E66 /* News.storyboard in Resources */ = {isa = PBXBuildFile; fileRef = 63DBD2E725A2003400BD4E66 /* News.storyboard */; };
		63DBD33325A2003400BD4E66 /* NewsListCoordinator.swift in Sources */ = {isa = PBXBuildFile; fileRef = 63DBD2EA25A2003400BD4E66 /* NewsListCoordinator.swift */; };
		63DBD33425A2003400BD4E66 /* NewsListViewController.swift in Sources */ = {isa = PBXBuildFile; fileRef = 63DBD2EB25A2003400BD4E66 /* NewsListViewController.swift */; };
		63DBD33525A2003400BD4E66 /* SettingsCoordinator.swift in Sources */ = {isa = PBXBuildFile; fileRef = 63DBD2ED25A2003400BD4E66 /* SettingsCoordinator.swift */; };
		63DBD33625A2003400BD4E66 /* SettingsViewController.swift in Sources */ = {isa = PBXBuildFile; fileRef = 63DBD2EE25A2003400BD4E66 /* SettingsViewController.swift */; };
		63DBD33F25A2003400BD4E66 /* Storyboarded.swift in Sources */ = {isa = PBXBuildFile; fileRef = 63DBD2FB25A2003400BD4E66 /* Storyboarded.swift */; };
		63DBD34025A2003400BD4E66 /* Coordinator.swift in Sources */ = {isa = PBXBuildFile; fileRef = 63DBD2FC25A2003400BD4E66 /* Coordinator.swift */; };
		63DBD34725A2003400BD4E66 /* CoordinatedNavigationController.swift in Sources */ = {isa = PBXBuildFile; fileRef = 63DBD30525A2003400BD4E66 /* CoordinatedNavigationController.swift */; };
		63DBD34A25A2003400BD4E66 /* MainTabBarController.swift in Sources */ = {isa = PBXBuildFile; fileRef = 63DBD30925A2003400BD4E66 /* MainTabBarController.swift */; };
		63DBD34F25A2003400BD4E66 /* ViewController.swift in Sources */ = {isa = PBXBuildFile; fileRef = 63DBD31125A2003400BD4E66 /* ViewController.swift */; };
		63DBD35025A2003400BD4E66 /* DataExtension.swift in Sources */ = {isa = PBXBuildFile; fileRef = 63DBD31225A2003400BD4E66 /* DataExtension.swift */; };
		63DBD35A25A2013800BD4E66 /* GlobalDefinition.swift in Sources */ = {isa = PBXBuildFile; fileRef = 63DBD35925A2013800BD4E66 /* GlobalDefinition.swift */; };
		63DBD37C25A2084A00BD4E66 /* RSSParser.swift in Sources */ = {isa = PBXBuildFile; fileRef = 63DBD37B25A2084A00BD4E66 /* RSSParser.swift */; };
		63DBD38425A21D6400BD4E66 /* NewsItem.swift in Sources */ = {isa = PBXBuildFile; fileRef = 63DBD38325A21D6400BD4E66 /* NewsItem.swift */; };
		63F557B525AC334F00E229F6 /* UIAlertControllerExtension.swift in Sources */ = {isa = PBXBuildFile; fileRef = 63F557B425AC334E00E229F6 /* UIAlertControllerExtension.swift */; };
		63F557FC25AC5B0A00E229F6 /* RealmResourceItem.swift in Sources */ = {isa = PBXBuildFile; fileRef = 63F557F525AC5B0A00E229F6 /* RealmResourceItem.swift */; };
		63F557FD25AC5B0A00E229F6 /* RealmNews.swift in Sources */ = {isa = PBXBuildFile; fileRef = 63F557F625AC5B0A00E229F6 /* RealmNews.swift */; };
		63F557FE25AC5B0A00E229F6 /* NewsRealmMapper.swift in Sources */ = {isa = PBXBuildFile; fileRef = 63F557F925AC5B0A00E229F6 /* NewsRealmMapper.swift */; };
		63F5581625AC5C6B00E229F6 /* DAO.swift in Sources */ = {isa = PBXBuildFile; fileRef = 63F5580A25AC5C6B00E229F6 /* DAO.swift */; };
		63F5581725AC5C6B00E229F6 /* DAOObject.swift in Sources */ = {isa = PBXBuildFile; fileRef = 63F5580D25AC5C6B00E229F6 /* DAOObject.swift */; };
		63F5581825AC5C6B00E229F6 /* Entity.swift in Sources */ = {isa = PBXBuildFile; fileRef = 63F5580F25AC5C6B00E229F6 /* Entity.swift */; };
		63F5581925AC5C6B00E229F6 /* RealmMapper.swift in Sources */ = {isa = PBXBuildFile; fileRef = 63F5581225AC5C6B00E229F6 /* RealmMapper.swift */; };
		63F5581A25AC5C6B00E229F6 /* AppError.swift in Sources */ = {isa = PBXBuildFile; fileRef = 63F5581425AC5C6B00E229F6 /* AppError.swift */; };
		63F5582625AC5CEE00E229F6 /* NSObjectExtension.swift in Sources */ = {isa = PBXBuildFile; fileRef = 63F5582525AC5CEE00E229F6 /* NSObjectExtension.swift */; };
		63F5582B25AC5D7000E229F6 /* SSDAO.swift in Sources */ = {isa = PBXBuildFile; fileRef = 63F5582A25AC5D7000E229F6 /* SSDAO.swift */; };
/* End PBXBuildFile section */

/* Begin PBXContainerItemProxy section */
		63DBD29925A1FFDF00BD4E66 /* PBXContainerItemProxy */ = {
			isa = PBXContainerItemProxy;
			containerPortal = 63DBD27725A1FFDC00BD4E66 /* Project object */;
			proxyType = 1;
			remoteGlobalIDString = 63DBD27E25A1FFDC00BD4E66;
			remoteInfo = News;
		};
		63DBD2A425A1FFDF00BD4E66 /* PBXContainerItemProxy */ = {
			isa = PBXContainerItemProxy;
			containerPortal = 63DBD27725A1FFDC00BD4E66 /* Project object */;
			proxyType = 1;
			remoteGlobalIDString = 63DBD27E25A1FFDC00BD4E66;
			remoteInfo = News;
		};
/* End PBXContainerItemProxy section */

/* Begin PBXFileReference section */
		371BF03CB8D47E7714A94D50 /* Pods-CommonPods-News.release.xcconfig */ = {isa = PBXFileReference; includeInIndex = 1; lastKnownFileType = text.xcconfig; name = "Pods-CommonPods-News.release.xcconfig"; path = "Target Support Files/Pods-CommonPods-News/Pods-CommonPods-News.release.xcconfig"; sourceTree = "<group>"; };
		638D858925A88B69001D96FD /* SettingsDataSource.swift */ = {isa = PBXFileReference; fileEncoding = 4; lastKnownFileType = sourcecode.swift; path = SettingsDataSource.swift; sourceTree = "<group>"; };
		638D858A25A88B69001D96FD /* ResourceCell.swift */ = {isa = PBXFileReference; fileEncoding = 4; lastKnownFileType = sourcecode.swift; path = ResourceCell.swift; sourceTree = "<group>"; };
		638D859025A88C76001D96FD /* ResourceItem.swift */ = {isa = PBXFileReference; lastKnownFileType = sourcecode.swift; path = ResourceItem.swift; sourceTree = "<group>"; };
		638D859825A8A0EE001D96FD /* ResourceHeader.swift */ = {isa = PBXFileReference; lastKnownFileType = sourcecode.swift; path = ResourceHeader.swift; sourceTree = "<group>"; };
		638D859D25A8DAAE001D96FD /* AutoUpdateCell.swift */ = {isa = PBXFileReference; lastKnownFileType = sourcecode.swift; path = AutoUpdateCell.swift; sourceTree = "<group>"; };
		638D85A225A9BCB1001D96FD /* Colors.xcassets */ = {isa = PBXFileReference; lastKnownFileType = folder.assetcatalog; path = Colors.xcassets; sourceTree = "<group>"; };
		63AF2C0525A5A71800B9EC97 /* NewsListDataSource.swift */ = {isa = PBXFileReference; lastKnownFileType = sourcecode.swift; path = NewsListDataSource.swift; sourceTree = "<group>"; };
		63AF2C0D25A5A81800B9EC97 /* NewsCell.swift */ = {isa = PBXFileReference; lastKnownFileType = sourcecode.swift; path = NewsCell.swift; sourceTree = "<group>"; };
		63AF2C1225A5A9C000B9EC97 /* UIImageExtension.swift */ = {isa = PBXFileReference; fileEncoding = 4; lastKnownFileType = sourcecode.swift; path = UIImageExtension.swift; sourceTree = "<group>"; };
		63DBD27F25A1FFDC00BD4E66 /* News.app */ = {isa = PBXFileReference; explicitFileType = wrapper.application; includeInIndex = 0; path = News.app; sourceTree = BUILT_PRODUCTS_DIR; };
		63DBD28225A1FFDC00BD4E66 /* AppDelegate.swift */ = {isa = PBXFileReference; lastKnownFileType = sourcecode.swift; path = AppDelegate.swift; sourceTree = "<group>"; };
		63DBD28425A1FFDC00BD4E66 /* SceneDelegate.swift */ = {isa = PBXFileReference; lastKnownFileType = sourcecode.swift; path = SceneDelegate.swift; sourceTree = "<group>"; };
		63DBD28925A1FFDC00BD4E66 /* Base */ = {isa = PBXFileReference; lastKnownFileType = file.storyboard; name = Base; path = Base.lproj/Main.storyboard; sourceTree = "<group>"; };
		63DBD28E25A1FFDF00BD4E66 /* Assets.xcassets */ = {isa = PBXFileReference; lastKnownFileType = folder.assetcatalog; path = Assets.xcassets; sourceTree = "<group>"; };
		63DBD29125A1FFDF00BD4E66 /* Base */ = {isa = PBXFileReference; lastKnownFileType = file.storyboard; name = Base; path = Base.lproj/LaunchScreen.storyboard; sourceTree = "<group>"; };
		63DBD29325A1FFDF00BD4E66 /* Info.plist */ = {isa = PBXFileReference; lastKnownFileType = text.plist.xml; path = Info.plist; sourceTree = "<group>"; };
		63DBD29825A1FFDF00BD4E66 /* NewsTests.xctest */ = {isa = PBXFileReference; explicitFileType = wrapper.cfbundle; includeInIndex = 0; path = NewsTests.xctest; sourceTree = BUILT_PRODUCTS_DIR; };
		63DBD29C25A1FFDF00BD4E66 /* NewsTests.swift */ = {isa = PBXFileReference; lastKnownFileType = sourcecode.swift; path = NewsTests.swift; sourceTree = "<group>"; };
		63DBD29E25A1FFDF00BD4E66 /* Info.plist */ = {isa = PBXFileReference; lastKnownFileType = text.plist.xml; path = Info.plist; sourceTree = "<group>"; };
		63DBD2A325A1FFDF00BD4E66 /* NewsUITests.xctest */ = {isa = PBXFileReference; explicitFileType = wrapper.cfbundle; includeInIndex = 0; path = NewsUITests.xctest; sourceTree = BUILT_PRODUCTS_DIR; };
		63DBD2A725A1FFDF00BD4E66 /* NewsUITests.swift */ = {isa = PBXFileReference; lastKnownFileType = sourcecode.swift; path = NewsUITests.swift; sourceTree = "<group>"; };
		63DBD2A925A1FFDF00BD4E66 /* Info.plist */ = {isa = PBXFileReference; lastKnownFileType = text.plist.xml; path = Info.plist; sourceTree = "<group>"; };
		63DBD2D625A2003400BD4E66 /* ArrayExtension.swift */ = {isa = PBXFileReference; fileEncoding = 4; lastKnownFileType = sourcecode.swift; path = ArrayExtension.swift; sourceTree = "<group>"; };
		63DBD2DB25A2003400BD4E66 /* ColorExtension.swift */ = {isa = PBXFileReference; fileEncoding = 4; lastKnownFileType = sourcecode.swift; path = ColorExtension.swift; sourceTree = "<group>"; };
		63DBD2DF25A2003400BD4E66 /* UserDefaultsExtension.swift */ = {isa = PBXFileReference; fileEncoding = 4; lastKnownFileType = sourcecode.swift; path = UserDefaultsExtension.swift; sourceTree = "<group>"; };
		63DBD2E125A2003400BD4E66 /* DateExtension.swift */ = {isa = PBXFileReference; fileEncoding = 4; lastKnownFileType = sourcecode.swift; path = DateExtension.swift; sourceTree = "<group>"; };
		63DBD2E725A2003400BD4E66 /* News.storyboard */ = {isa = PBXFileReference; fileEncoding = 4; lastKnownFileType = file.storyboard; path = News.storyboard; sourceTree = "<group>"; };
		63DBD2EA25A2003400BD4E66 /* NewsListCoordinator.swift */ = {isa = PBXFileReference; fileEncoding = 4; lastKnownFileType = sourcecode.swift; path = NewsListCoordinator.swift; sourceTree = "<group>"; };
		63DBD2EB25A2003400BD4E66 /* NewsListViewController.swift */ = {isa = PBXFileReference; fileEncoding = 4; lastKnownFileType = sourcecode.swift; path = NewsListViewController.swift; sourceTree = "<group>"; };
		63DBD2ED25A2003400BD4E66 /* SettingsCoordinator.swift */ = {isa = PBXFileReference; fileEncoding = 4; lastKnownFileType = sourcecode.swift; path = SettingsCoordinator.swift; sourceTree = "<group>"; };
		63DBD2EE25A2003400BD4E66 /* SettingsViewController.swift */ = {isa = PBXFileReference; fileEncoding = 4; lastKnownFileType = sourcecode.swift; path = SettingsViewController.swift; sourceTree = "<group>"; };
		63DBD2FB25A2003400BD4E66 /* Storyboarded.swift */ = {isa = PBXFileReference; fileEncoding = 4; lastKnownFileType = sourcecode.swift; path = Storyboarded.swift; sourceTree = "<group>"; };
		63DBD2FC25A2003400BD4E66 /* Coordinator.swift */ = {isa = PBXFileReference; fileEncoding = 4; lastKnownFileType = sourcecode.swift; path = Coordinator.swift; sourceTree = "<group>"; };
		63DBD30525A2003400BD4E66 /* CoordinatedNavigationController.swift */ = {isa = PBXFileReference; fileEncoding = 4; lastKnownFileType = sourcecode.swift; path = CoordinatedNavigationController.swift; sourceTree = "<group>"; };
		63DBD30925A2003400BD4E66 /* MainTabBarController.swift */ = {isa = PBXFileReference; fileEncoding = 4; lastKnownFileType = sourcecode.swift; path = MainTabBarController.swift; sourceTree = "<group>"; };
		63DBD31125A2003400BD4E66 /* ViewController.swift */ = {isa = PBXFileReference; fileEncoding = 4; lastKnownFileType = sourcecode.swift; path = ViewController.swift; sourceTree = "<group>"; };
		63DBD31225A2003400BD4E66 /* DataExtension.swift */ = {isa = PBXFileReference; fileEncoding = 4; lastKnownFileType = sourcecode.swift; path = DataExtension.swift; sourceTree = "<group>"; };
		63DBD35925A2013800BD4E66 /* GlobalDefinition.swift */ = {isa = PBXFileReference; lastKnownFileType = sourcecode.swift; path = GlobalDefinition.swift; sourceTree = "<group>"; };
		63DBD37B25A2084A00BD4E66 /* RSSParser.swift */ = {isa = PBXFileReference; fileEncoding = 4; lastKnownFileType = sourcecode.swift; path = RSSParser.swift; sourceTree = "<group>"; };
		63DBD38325A21D6400BD4E66 /* NewsItem.swift */ = {isa = PBXFileReference; lastKnownFileType = sourcecode.swift; path = NewsItem.swift; sourceTree = "<group>"; };
		63F557B425AC334E00E229F6 /* UIAlertControllerExtension.swift */ = {isa = PBXFileReference; lastKnownFileType = sourcecode.swift; path = UIAlertControllerExtension.swift; sourceTree = "<group>"; };
		63F557F525AC5B0A00E229F6 /* RealmResourceItem.swift */ = {isa = PBXFileReference; fileEncoding = 4; lastKnownFileType = sourcecode.swift; path = RealmResourceItem.swift; sourceTree = "<group>"; };
		63F557F625AC5B0A00E229F6 /* RealmNews.swift */ = {isa = PBXFileReference; fileEncoding = 4; lastKnownFileType = sourcecode.swift; path = RealmNews.swift; sourceTree = "<group>"; };
		63F557F925AC5B0A00E229F6 /* NewsRealmMapper.swift */ = {isa = PBXFileReference; fileEncoding = 4; lastKnownFileType = sourcecode.swift; path = NewsRealmMapper.swift; sourceTree = "<group>"; };
		63F5580A25AC5C6B00E229F6 /* DAO.swift */ = {isa = PBXFileReference; fileEncoding = 4; lastKnownFileType = sourcecode.swift; path = DAO.swift; sourceTree = "<group>"; };
		63F5580D25AC5C6B00E229F6 /* DAOObject.swift */ = {isa = PBXFileReference; fileEncoding = 4; lastKnownFileType = sourcecode.swift; path = DAOObject.swift; sourceTree = "<group>"; };
		63F5580F25AC5C6B00E229F6 /* Entity.swift */ = {isa = PBXFileReference; fileEncoding = 4; lastKnownFileType = sourcecode.swift; path = Entity.swift; sourceTree = "<group>"; };
		63F5581225AC5C6B00E229F6 /* RealmMapper.swift */ = {isa = PBXFileReference; fileEncoding = 4; lastKnownFileType = sourcecode.swift; path = RealmMapper.swift; sourceTree = "<group>"; };
		63F5581425AC5C6B00E229F6 /* AppError.swift */ = {isa = PBXFileReference; fileEncoding = 4; lastKnownFileType = sourcecode.swift; path = AppError.swift; sourceTree = "<group>"; };
		63F5582525AC5CEE00E229F6 /* NSObjectExtension.swift */ = {isa = PBXFileReference; fileEncoding = 4; lastKnownFileType = sourcecode.swift; path = NSObjectExtension.swift; sourceTree = "<group>"; };
		63F5582A25AC5D7000E229F6 /* SSDAO.swift */ = {isa = PBXFileReference; fileEncoding = 4; lastKnownFileType = sourcecode.swift; path = SSDAO.swift; sourceTree = "<group>"; };
		75733EEDE5AC523692743374 /* Pods_CommonPods_News.framework */ = {isa = PBXFileReference; explicitFileType = wrapper.framework; includeInIndex = 0; path = Pods_CommonPods_News.framework; sourceTree = BUILT_PRODUCTS_DIR; };
		82E0255CC8EB4819B03E36E1 /* Pods-CommonPods-News.debug.xcconfig */ = {isa = PBXFileReference; includeInIndex = 1; lastKnownFileType = text.xcconfig; name = "Pods-CommonPods-News.debug.xcconfig"; path = "Target Support Files/Pods-CommonPods-News/Pods-CommonPods-News.debug.xcconfig"; sourceTree = "<group>"; };
/* End PBXFileReference section */

/* Begin PBXFrameworksBuildPhase section */
		63DBD27C25A1FFDC00BD4E66 /* Frameworks */ = {
			isa = PBXFrameworksBuildPhase;
			buildActionMask = 2147483647;
			files = (
				11DA99BF481C660B7A114425 /* Pods_CommonPods_News.framework in Frameworks */,
			);
			runOnlyForDeploymentPostprocessing = 0;
		};
		63DBD29525A1FFDF00BD4E66 /* Frameworks */ = {
			isa = PBXFrameworksBuildPhase;
			buildActionMask = 2147483647;
			files = (
			);
			runOnlyForDeploymentPostprocessing = 0;
		};
		63DBD2A025A1FFDF00BD4E66 /* Frameworks */ = {
			isa = PBXFrameworksBuildPhase;
			buildActionMask = 2147483647;
			files = (
			);
			runOnlyForDeploymentPostprocessing = 0;
		};
/* End PBXFrameworksBuildPhase section */

/* Begin PBXGroup section */
		63DBD27625A1FFDC00BD4E66 = {
			isa = PBXGroup;
			children = (
				63DBD28125A1FFDC00BD4E66 /* News */,
				63DBD29B25A1FFDF00BD4E66 /* NewsTests */,
				63DBD2A625A1FFDF00BD4E66 /* NewsUITests */,
				63DBD28025A1FFDC00BD4E66 /* Products */,
				D3338DA2375CB0FC275E9B22 /* Pods */,
				C26E7FA6D2835E921925732B /* Frameworks */,
			);
			sourceTree = "<group>";
		};
		63DBD28025A1FFDC00BD4E66 /* Products */ = {
			isa = PBXGroup;
			children = (
				63DBD27F25A1FFDC00BD4E66 /* News.app */,
				63DBD29825A1FFDF00BD4E66 /* NewsTests.xctest */,
				63DBD2A325A1FFDF00BD4E66 /* NewsUITests.xctest */,
			);
			name = Products;
			sourceTree = "<group>";
		};
		63DBD28125A1FFDC00BD4E66 /* News */ = {
			isa = PBXGroup;
			children = (
				63F5580725AC5C6B00E229F6 /* Framework */,
				638D85A225A9BCB1001D96FD /* Colors.xcassets */,
				63DBD2E325A2003400BD4E66 /* Classes */,
				63DBD28225A1FFDC00BD4E66 /* AppDelegate.swift */,
				63DBD28425A1FFDC00BD4E66 /* SceneDelegate.swift */,
				63DBD28825A1FFDC00BD4E66 /* Main.storyboard */,
				63DBD28E25A1FFDF00BD4E66 /* Assets.xcassets */,
				63DBD29025A1FFDF00BD4E66 /* LaunchScreen.storyboard */,
				63DBD29325A1FFDF00BD4E66 /* Info.plist */,
			);
			path = News;
			sourceTree = "<group>";
		};
		63DBD29B25A1FFDF00BD4E66 /* NewsTests */ = {
			isa = PBXGroup;
			children = (
				63DBD29C25A1FFDF00BD4E66 /* NewsTests.swift */,
				63DBD29E25A1FFDF00BD4E66 /* Info.plist */,
			);
			path = NewsTests;
			sourceTree = "<group>";
		};
		63DBD2A625A1FFDF00BD4E66 /* NewsUITests */ = {
			isa = PBXGroup;
			children = (
				63DBD2A725A1FFDF00BD4E66 /* NewsUITests.swift */,
				63DBD2A925A1FFDF00BD4E66 /* Info.plist */,
			);
			path = NewsUITests;
			sourceTree = "<group>";
		};
		63DBD2E325A2003400BD4E66 /* Classes */ = {
			isa = PBXGroup;
			children = (
				63DBD2E425A2003400BD4E66 /* UI */,
				63DBD30625A2003400BD4E66 /* Transport */,
				63DBD30925A2003400BD4E66 /* MainTabBarController.swift */,
				63DBD30A25A2003400BD4E66 /* Model */,
				63DBD31025A2003400BD4E66 /* Helpers */,
			);
			path = Classes;
			sourceTree = "<group>";
		};
		63DBD2E425A2003400BD4E66 /* UI */ = {
			isa = PBXGroup;
			children = (
				63DBD2E525A2003400BD4E66 /* Storyboards */,
				63DBD2E925A2003400BD4E66 /* Catalog */,
				63DBD2EC25A2003400BD4E66 /* Profile */,
				63DBD2FA25A2003400BD4E66 /* Protocols */,
				63DBD30425A2003400BD4E66 /* Base */,
			);
			path = UI;
			sourceTree = "<group>";
		};
		63DBD2E525A2003400BD4E66 /* Storyboards */ = {
			isa = PBXGroup;
			children = (
				63DBD2E725A2003400BD4E66 /* News.storyboard */,
			);
			path = Storyboards;
			sourceTree = "<group>";
		};
		63DBD2E925A2003400BD4E66 /* Catalog */ = {
			isa = PBXGroup;
			children = (
				63DBD2EA25A2003400BD4E66 /* NewsListCoordinator.swift */,
				63DBD2EB25A2003400BD4E66 /* NewsListViewController.swift */,
				63AF2C0525A5A71800B9EC97 /* NewsListDataSource.swift */,
				63AF2C0D25A5A81800B9EC97 /* NewsCell.swift */,
			);
			path = Catalog;
			sourceTree = "<group>";
		};
		63DBD2EC25A2003400BD4E66 /* Profile */ = {
			isa = PBXGroup;
			children = (
				638D858A25A88B69001D96FD /* ResourceCell.swift */,
				638D858925A88B69001D96FD /* SettingsDataSource.swift */,
				63DBD2ED25A2003400BD4E66 /* SettingsCoordinator.swift */,
				63DBD2EE25A2003400BD4E66 /* SettingsViewController.swift */,
				638D859825A8A0EE001D96FD /* ResourceHeader.swift */,
				638D859D25A8DAAE001D96FD /* AutoUpdateCell.swift */,
			);
			path = Profile;
			sourceTree = "<group>";
		};
		63DBD2FA25A2003400BD4E66 /* Protocols */ = {
			isa = PBXGroup;
			children = (
				63DBD2FB25A2003400BD4E66 /* Storyboarded.swift */,
				63DBD2FC25A2003400BD4E66 /* Coordinator.swift */,
			);
			path = Protocols;
			sourceTree = "<group>";
		};
		63DBD30425A2003400BD4E66 /* Base */ = {
			isa = PBXGroup;
			children = (
				63DBD30525A2003400BD4E66 /* CoordinatedNavigationController.swift */,
			);
			path = Base;
			sourceTree = "<group>";
		};
		63DBD30625A2003400BD4E66 /* Transport */ = {
			isa = PBXGroup;
			children = (
				63F5582A25AC5D7000E229F6 /* SSDAO.swift */,
				63DBD37B25A2084A00BD4E66 /* RSSParser.swift */,
				63DBD35925A2013800BD4E66 /* GlobalDefinition.swift */,
			);
			path = Transport;
			sourceTree = "<group>";
		};
		63DBD30A25A2003400BD4E66 /* Model */ = {
			isa = PBXGroup;
			children = (
				63F557F425AC5B0A00E229F6 /* DAOObject */,
				63F557F725AC5B0A00E229F6 /* Transformation */,
				63DBD38325A21D6400BD4E66 /* NewsItem.swift */,
				638D859025A88C76001D96FD /* ResourceItem.swift */,
			);
			path = Model;
			sourceTree = "<group>";
		};
		63DBD31025A2003400BD4E66 /* Helpers */ = {
			isa = PBXGroup;
			children = (
				63DBD2D625A2003400BD4E66 /* ArrayExtension.swift */,
				63DBD2DB25A2003400BD4E66 /* ColorExtension.swift */,
				63DBD2DF25A2003400BD4E66 /* UserDefaultsExtension.swift */,
				63DBD2E125A2003400BD4E66 /* DateExtension.swift */,
				63AF2C1225A5A9C000B9EC97 /* UIImageExtension.swift */,
				63DBD31125A2003400BD4E66 /* ViewController.swift */,
				63DBD31225A2003400BD4E66 /* DataExtension.swift */,
				63F557B425AC334E00E229F6 /* UIAlertControllerExtension.swift */,
			);
			path = Helpers;
			sourceTree = "<group>";
		};
		63F557F425AC5B0A00E229F6 /* DAOObject */ = {
			isa = PBXGroup;
			children = (
				63F557F525AC5B0A00E229F6 /* RealmResourceItem.swift */,
				63F557F625AC5B0A00E229F6 /* RealmNews.swift */,
			);
			path = DAOObject;
			sourceTree = "<group>";
		};
		63F557F725AC5B0A00E229F6 /* Transformation */ = {
			isa = PBXGroup;
			children = (
				63F557F825AC5B0A00E229F6 /* RealmMapper */,
			);
			path = Transformation;
			sourceTree = "<group>";
		};
		63F557F825AC5B0A00E229F6 /* RealmMapper */ = {
			isa = PBXGroup;
			children = (
				63F557F925AC5B0A00E229F6 /* NewsRealmMapper.swift */,
			);
			path = RealmMapper;
			sourceTree = "<group>";
		};
		63F5580725AC5C6B00E229F6 /* Framework */ = {
			isa = PBXGroup;
			children = (
				63F5582425AC5CEE00E229F6 /* Helpers */,
				63F5580825AC5C6B00E229F6 /* Transport */,
				63F5580B25AC5C6B00E229F6 /* Model */,
			);
			path = Framework;
			sourceTree = SOURCE_ROOT;
		};
		63F5580825AC5C6B00E229F6 /* Transport */ = {
			isa = PBXGroup;
			children = (
				63F5580A25AC5C6B00E229F6 /* DAO.swift */,
			);
			path = Transport;
			sourceTree = "<group>";
		};
		63F5580B25AC5C6B00E229F6 /* Model */ = {
			isa = PBXGroup;
			children = (
				63F5580C25AC5C6B00E229F6 /* DAOModel */,
				63F5580E25AC5C6B00E229F6 /* Entity */,
				63F5581025AC5C6B00E229F6 /* Transformation */,
				63F5581325AC5C6B00E229F6 /* Error */,
			);
			path = Model;
			sourceTree = "<group>";
		};
		63F5580C25AC5C6B00E229F6 /* DAOModel */ = {
			isa = PBXGroup;
			children = (
				63F5580D25AC5C6B00E229F6 /* DAOObject.swift */,
			);
			path = DAOModel;
			sourceTree = "<group>";
		};
		63F5580E25AC5C6B00E229F6 /* Entity */ = {
			isa = PBXGroup;
			children = (
				63F5580F25AC5C6B00E229F6 /* Entity.swift */,
			);
			path = Entity;
			sourceTree = "<group>";
		};
		63F5581025AC5C6B00E229F6 /* Transformation */ = {
			isa = PBXGroup;
			children = (
				63F5581125AC5C6B00E229F6 /* RealmMapper */,
			);
			path = Transformation;
			sourceTree = "<group>";
		};
		63F5581125AC5C6B00E229F6 /* RealmMapper */ = {
			isa = PBXGroup;
			children = (
				63F5581225AC5C6B00E229F6 /* RealmMapper.swift */,
			);
			path = RealmMapper;
			sourceTree = "<group>";
		};
		63F5581325AC5C6B00E229F6 /* Error */ = {
			isa = PBXGroup;
			children = (
				63F5581425AC5C6B00E229F6 /* AppError.swift */,
			);
			path = Error;
			sourceTree = "<group>";
		};
		63F5582425AC5CEE00E229F6 /* Helpers */ = {
			isa = PBXGroup;
			children = (
				63F5582525AC5CEE00E229F6 /* NSObjectExtension.swift */,
			);
			path = Helpers;
			sourceTree = "<group>";
		};
		C26E7FA6D2835E921925732B /* Frameworks */ = {
			isa = PBXGroup;
			children = (
				75733EEDE5AC523692743374 /* Pods_CommonPods_News.framework */,
			);
			name = Frameworks;
			sourceTree = "<group>";
		};
		D3338DA2375CB0FC275E9B22 /* Pods */ = {
			isa = PBXGroup;
			children = (
				82E0255CC8EB4819B03E36E1 /* Pods-CommonPods-News.debug.xcconfig */,
				371BF03CB8D47E7714A94D50 /* Pods-CommonPods-News.release.xcconfig */,
			);
			path = Pods;
			sourceTree = "<group>";
		};
/* End PBXGroup section */

/* Begin PBXNativeTarget section */
		63DBD27E25A1FFDC00BD4E66 /* News */ = {
			isa = PBXNativeTarget;
			buildConfigurationList = 63DBD2AC25A1FFDF00BD4E66 /* Build configuration list for PBXNativeTarget "News" */;
			buildPhases = (
				7E8587A8BD048EF271DD90D6 /* [CP] Check Pods Manifest.lock */,
				63DBD27B25A1FFDC00BD4E66 /* Sources */,
				63DBD27C25A1FFDC00BD4E66 /* Frameworks */,
				63DBD27D25A1FFDC00BD4E66 /* Resources */,
				31ECD6AD8171ED53E2365D7E /* [CP] Embed Pods Frameworks */,
			);
			buildRules = (
			);
			dependencies = (
			);
			name = News;
			productName = News;
			productReference = 63DBD27F25A1FFDC00BD4E66 /* News.app */;
			productType = "com.apple.product-type.application";
		};
		63DBD29725A1FFDF00BD4E66 /* NewsTests */ = {
			isa = PBXNativeTarget;
			buildConfigurationList = 63DBD2AF25A1FFDF00BD4E66 /* Build configuration list for PBXNativeTarget "NewsTests" */;
			buildPhases = (
				63DBD29425A1FFDF00BD4E66 /* Sources */,
				63DBD29525A1FFDF00BD4E66 /* Frameworks */,
				63DBD29625A1FFDF00BD4E66 /* Resources */,
			);
			buildRules = (
			);
			dependencies = (
				63DBD29A25A1FFDF00BD4E66 /* PBXTargetDependency */,
			);
			name = NewsTests;
			productName = NewsTests;
			productReference = 63DBD29825A1FFDF00BD4E66 /* NewsTests.xctest */;
			productType = "com.apple.product-type.bundle.unit-test";
		};
		63DBD2A225A1FFDF00BD4E66 /* NewsUITests */ = {
			isa = PBXNativeTarget;
			buildConfigurationList = 63DBD2B225A1FFDF00BD4E66 /* Build configuration list for PBXNativeTarget "NewsUITests" */;
			buildPhases = (
				63DBD29F25A1FFDF00BD4E66 /* Sources */,
				63DBD2A025A1FFDF00BD4E66 /* Frameworks */,
				63DBD2A125A1FFDF00BD4E66 /* Resources */,
			);
			buildRules = (
			);
			dependencies = (
				63DBD2A525A1FFDF00BD4E66 /* PBXTargetDependency */,
			);
			name = NewsUITests;
			productName = NewsUITests;
			productReference = 63DBD2A325A1FFDF00BD4E66 /* NewsUITests.xctest */;
			productType = "com.apple.product-type.bundle.ui-testing";
		};
/* End PBXNativeTarget section */

/* Begin PBXProject section */
		63DBD27725A1FFDC00BD4E66 /* Project object */ = {
			isa = PBXProject;
			attributes = {
				LastSwiftUpdateCheck = 1220;
				LastUpgradeCheck = 1220;
				TargetAttributes = {
					63DBD27E25A1FFDC00BD4E66 = {
						CreatedOnToolsVersion = 12.2;
					};
					63DBD29725A1FFDF00BD4E66 = {
						CreatedOnToolsVersion = 12.2;
						TestTargetID = 63DBD27E25A1FFDC00BD4E66;
					};
					63DBD2A225A1FFDF00BD4E66 = {
						CreatedOnToolsVersion = 12.2;
						TestTargetID = 63DBD27E25A1FFDC00BD4E66;
					};
				};
			};
			buildConfigurationList = 63DBD27A25A1FFDC00BD4E66 /* Build configuration list for PBXProject "News" */;
			compatibilityVersion = "Xcode 9.3";
			developmentRegion = en;
			hasScannedForEncodings = 0;
			knownRegions = (
				en,
				Base,
			);
			mainGroup = 63DBD27625A1FFDC00BD4E66;
			productRefGroup = 63DBD28025A1FFDC00BD4E66 /* Products */;
			projectDirPath = "";
			projectRoot = "";
			targets = (
				63DBD27E25A1FFDC00BD4E66 /* News */,
				63DBD29725A1FFDF00BD4E66 /* NewsTests */,
				63DBD2A225A1FFDF00BD4E66 /* NewsUITests */,
			);
		};
/* End PBXProject section */

/* Begin PBXResourcesBuildPhase section */
		63DBD27D25A1FFDC00BD4E66 /* Resources */ = {
			isa = PBXResourcesBuildPhase;
			buildActionMask = 2147483647;
			files = (
				638D85A325A9BCB2001D96FD /* Colors.xcassets in Resources */,
				63DBD29225A1FFDF00BD4E66 /* LaunchScreen.storyboard in Resources */,
				63DBD33125A2003400BD4E66 /* News.storyboard in Resources */,
				63DBD28F25A1FFDF00BD4E66 /* Assets.xcassets in Resources */,
				63DBD28A25A1FFDC00BD4E66 /* Main.storyboard in Resources */,
			);
			runOnlyForDeploymentPostprocessing = 0;
		};
		63DBD29625A1FFDF00BD4E66 /* Resources */ = {
			isa = PBXResourcesBuildPhase;
			buildActionMask = 2147483647;
			files = (
			);
			runOnlyForDeploymentPostprocessing = 0;
		};
		63DBD2A125A1FFDF00BD4E66 /* Resources */ = {
			isa = PBXResourcesBuildPhase;
			buildActionMask = 2147483647;
			files = (
			);
			runOnlyForDeploymentPostprocessing = 0;
		};
/* End PBXResourcesBuildPhase section */

/* Begin PBXShellScriptBuildPhase section */
		31ECD6AD8171ED53E2365D7E /* [CP] Embed Pods Frameworks */ = {
			isa = PBXShellScriptBuildPhase;
			buildActionMask = 2147483647;
			files = (
			);
			inputFileListPaths = (
				"${PODS_ROOT}/Target Support Files/Pods-CommonPods-News/Pods-CommonPods-News-frameworks-${CONFIGURATION}-input-files.xcfilelist",
			);
			name = "[CP] Embed Pods Frameworks";
			outputFileListPaths = (
				"${PODS_ROOT}/Target Support Files/Pods-CommonPods-News/Pods-CommonPods-News-frameworks-${CONFIGURATION}-output-files.xcfilelist",
			);
			runOnlyForDeploymentPostprocessing = 0;
			shellPath = /bin/sh;
			shellScript = "\"${PODS_ROOT}/Target Support Files/Pods-CommonPods-News/Pods-CommonPods-News-frameworks.sh\"\n";
			showEnvVarsInLog = 0;
		};
		7E8587A8BD048EF271DD90D6 /* [CP] Check Pods Manifest.lock */ = {
			isa = PBXShellScriptBuildPhase;
			buildActionMask = 2147483647;
			files = (
			);
			inputFileListPaths = (
			);
			inputPaths = (
				"${PODS_PODFILE_DIR_PATH}/Podfile.lock",
				"${PODS_ROOT}/Manifest.lock",
			);
			name = "[CP] Check Pods Manifest.lock";
			outputFileListPaths = (
			);
			outputPaths = (
				"$(DERIVED_FILE_DIR)/Pods-CommonPods-News-checkManifestLockResult.txt",
			);
			runOnlyForDeploymentPostprocessing = 0;
			shellPath = /bin/sh;
			shellScript = "diff \"${PODS_PODFILE_DIR_PATH}/Podfile.lock\" \"${PODS_ROOT}/Manifest.lock\" > /dev/null\nif [ $? != 0 ] ; then\n    # print error to STDERR\n    echo \"error: The sandbox is not in sync with the Podfile.lock. Run 'pod install' or update your CocoaPods installation.\" >&2\n    exit 1\nfi\n# This output is used by Xcode 'outputs' to avoid re-running this script phase.\necho \"SUCCESS\" > \"${SCRIPT_OUTPUT_FILE_0}\"\n";
			showEnvVarsInLog = 0;
		};
/* End PBXShellScriptBuildPhase section */

/* Begin PBXSourcesBuildPhase section */
		63DBD27B25A1FFDC00BD4E66 /* Sources */ = {
			isa = PBXSourcesBuildPhase;
			buildActionMask = 2147483647;
			files = (
				63DBD33425A2003400BD4E66 /* NewsListViewController.swift in Sources */,
				63AF2C0625A5A71800B9EC97 /* NewsListDataSource.swift in Sources */,
				63DBD35025A2003400BD4E66 /* DataExtension.swift in Sources */,
				63F557FE25AC5B0A00E229F6 /* NewsRealmMapper.swift in Sources */,
				63DBD35A25A2013800BD4E66 /* GlobalDefinition.swift in Sources */,
				63DBD34A25A2003400BD4E66 /* MainTabBarController.swift in Sources */,
				63F5581925AC5C6B00E229F6 /* RealmMapper.swift in Sources */,
				63DBD32E25A2003400BD4E66 /* DateExtension.swift in Sources */,
				63DBD32C25A2003400BD4E66 /* UserDefaultsExtension.swift in Sources */,
				63AF2C1325A5A9C000B9EC97 /* UIImageExtension.swift in Sources */,
				63F5581A25AC5C6B00E229F6 /* AppError.swift in Sources */,
				63DBD37C25A2084A00BD4E66 /* RSSParser.swift in Sources */,
				63F5582625AC5CEE00E229F6 /* NSObjectExtension.swift in Sources */,
				63F5581625AC5C6B00E229F6 /* DAO.swift in Sources */,
				63F557FC25AC5B0A00E229F6 /* RealmResourceItem.swift in Sources */,
				63F557FD25AC5B0A00E229F6 /* RealmNews.swift in Sources */,
				63DBD38425A21D6400BD4E66 /* NewsItem.swift in Sources */,
				63F5581825AC5C6B00E229F6 /* Entity.swift in Sources */,
				63DBD33525A2003400BD4E66 /* SettingsCoordinator.swift in Sources */,
				63F5581725AC5C6B00E229F6 /* DAOObject.swift in Sources */,
				638D858C25A88B69001D96FD /* ResourceCell.swift in Sources */,
				63DBD28325A1FFDC00BD4E66 /* AppDelegate.swift in Sources */,
				63F5582B25AC5D7000E229F6 /* SSDAO.swift in Sources */,
				63F557B525AC334F00E229F6 /* UIAlertControllerExtension.swift in Sources */,
				638D858B25A88B69001D96FD /* SettingsDataSource.swift in Sources */,
				63DBD34725A2003400BD4E66 /* CoordinatedNavigationController.swift in Sources */,
				638D859925A8A0EE001D96FD /* ResourceHeader.swift in Sources */,
				63AF2C0E25A5A81800B9EC97 /* NewsCell.swift in Sources */,
				63DBD32325A2003400BD4E66 /* ArrayExtension.swift in Sources */,
				63DBD33F25A2003400BD4E66 /* Storyboarded.swift in Sources */,
				638D859E25A8DAAE001D96FD /* AutoUpdateCell.swift in Sources */,
				63DBD33325A2003400BD4E66 /* NewsListCoordinator.swift in Sources */,
				63DBD34025A2003400BD4E66 /* Coordinator.swift in Sources */,
				63DBD33625A2003400BD4E66 /* SettingsViewController.swift in Sources */,
				63DBD34F25A2003400BD4E66 /* ViewController.swift in Sources */,
				638D859125A88C76001D96FD /* ResourceItem.swift in Sources */,
				63DBD28525A1FFDC00BD4E66 /* SceneDelegate.swift in Sources */,
				63DBD32825A2003400BD4E66 /* ColorExtension.swift in Sources */,
			);
			runOnlyForDeploymentPostprocessing = 0;
		};
		63DBD29425A1FFDF00BD4E66 /* Sources */ = {
			isa = PBXSourcesBuildPhase;
			buildActionMask = 2147483647;
			files = (
				63DBD29D25A1FFDF00BD4E66 /* NewsTests.swift in Sources */,
			);
			runOnlyForDeploymentPostprocessing = 0;
		};
		63DBD29F25A1FFDF00BD4E66 /* Sources */ = {
			isa = PBXSourcesBuildPhase;
			buildActionMask = 2147483647;
			files = (
				63DBD2A825A1FFDF00BD4E66 /* NewsUITests.swift in Sources */,
			);
			runOnlyForDeploymentPostprocessing = 0;
		};
/* End PBXSourcesBuildPhase section */

/* Begin PBXTargetDependency section */
		63DBD29A25A1FFDF00BD4E66 /* PBXTargetDependency */ = {
			isa = PBXTargetDependency;
			target = 63DBD27E25A1FFDC00BD4E66 /* News */;
			targetProxy = 63DBD29925A1FFDF00BD4E66 /* PBXContainerItemProxy */;
		};
		63DBD2A525A1FFDF00BD4E66 /* PBXTargetDependency */ = {
			isa = PBXTargetDependency;
			target = 63DBD27E25A1FFDC00BD4E66 /* News */;
			targetProxy = 63DBD2A425A1FFDF00BD4E66 /* PBXContainerItemProxy */;
		};
/* End PBXTargetDependency section */

/* Begin PBXVariantGroup section */
		63DBD28825A1FFDC00BD4E66 /* Main.storyboard */ = {
			isa = PBXVariantGroup;
			children = (
				63DBD28925A1FFDC00BD4E66 /* Base */,
			);
			name = Main.storyboard;
			sourceTree = "<group>";
		};
		63DBD29025A1FFDF00BD4E66 /* LaunchScreen.storyboard */ = {
			isa = PBXVariantGroup;
			children = (
				63DBD29125A1FFDF00BD4E66 /* Base */,
			);
			name = LaunchScreen.storyboard;
			sourceTree = "<group>";
		};
/* End PBXVariantGroup section */

/* Begin XCBuildConfiguration section */
		63DBD2AA25A1FFDF00BD4E66 /* Debug */ = {
			isa = XCBuildConfiguration;
			buildSettings = {
				ALWAYS_SEARCH_USER_PATHS = NO;
				CLANG_ANALYZER_NONNULL = YES;
				CLANG_ANALYZER_NUMBER_OBJECT_CONVERSION = YES_AGGRESSIVE;
				CLANG_CXX_LANGUAGE_STANDARD = "gnu++14";
				CLANG_CXX_LIBRARY = "libc++";
				CLANG_ENABLE_MODULES = YES;
				CLANG_ENABLE_OBJC_ARC = YES;
				CLANG_ENABLE_OBJC_WEAK = YES;
				CLANG_WARN_BLOCK_CAPTURE_AUTORELEASING = YES;
				CLANG_WARN_BOOL_CONVERSION = YES;
				CLANG_WARN_COMMA = YES;
				CLANG_WARN_CONSTANT_CONVERSION = YES;
				CLANG_WARN_DEPRECATED_OBJC_IMPLEMENTATIONS = YES;
				CLANG_WARN_DIRECT_OBJC_ISA_USAGE = YES_ERROR;
				CLANG_WARN_DOCUMENTATION_COMMENTS = YES;
				CLANG_WARN_EMPTY_BODY = YES;
				CLANG_WARN_ENUM_CONVERSION = YES;
				CLANG_WARN_INFINITE_RECURSION = YES;
				CLANG_WARN_INT_CONVERSION = YES;
				CLANG_WARN_NON_LITERAL_NULL_CONVERSION = YES;
				CLANG_WARN_OBJC_IMPLICIT_RETAIN_SELF = YES;
				CLANG_WARN_OBJC_LITERAL_CONVERSION = YES;
				CLANG_WARN_OBJC_ROOT_CLASS = YES_ERROR;
				CLANG_WARN_QUOTED_INCLUDE_IN_FRAMEWORK_HEADER = YES;
				CLANG_WARN_RANGE_LOOP_ANALYSIS = YES;
				CLANG_WARN_STRICT_PROTOTYPES = YES;
				CLANG_WARN_SUSPICIOUS_MOVE = YES;
				CLANG_WARN_UNGUARDED_AVAILABILITY = YES_AGGRESSIVE;
				CLANG_WARN_UNREACHABLE_CODE = YES;
				CLANG_WARN__DUPLICATE_METHOD_MATCH = YES;
				COPY_PHASE_STRIP = NO;
				DEBUG_INFORMATION_FORMAT = dwarf;
				ENABLE_STRICT_OBJC_MSGSEND = YES;
				ENABLE_TESTABILITY = YES;
				GCC_C_LANGUAGE_STANDARD = gnu11;
				GCC_DYNAMIC_NO_PIC = NO;
				GCC_NO_COMMON_BLOCKS = YES;
				GCC_OPTIMIZATION_LEVEL = 0;
				GCC_PREPROCESSOR_DEFINITIONS = (
					"DEBUG=1",
					"$(inherited)",
				);
				GCC_WARN_64_TO_32_BIT_CONVERSION = YES;
				GCC_WARN_ABOUT_RETURN_TYPE = YES_ERROR;
				GCC_WARN_UNDECLARED_SELECTOR = YES;
				GCC_WARN_UNINITIALIZED_AUTOS = YES_AGGRESSIVE;
				GCC_WARN_UNUSED_FUNCTION = YES;
				GCC_WARN_UNUSED_VARIABLE = YES;
				IPHONEOS_DEPLOYMENT_TARGET = 14.2;
				MTL_ENABLE_DEBUG_INFO = INCLUDE_SOURCE;
				MTL_FAST_MATH = YES;
				ONLY_ACTIVE_ARCH = YES;
				SDKROOT = iphoneos;
				SWIFT_ACTIVE_COMPILATION_CONDITIONS = DEBUG;
				SWIFT_OPTIMIZATION_LEVEL = "-Onone";
			};
			name = Debug;
		};
		63DBD2AB25A1FFDF00BD4E66 /* Release */ = {
			isa = XCBuildConfiguration;
			buildSettings = {
				ALWAYS_SEARCH_USER_PATHS = NO;
				CLANG_ANALYZER_NONNULL = YES;
				CLANG_ANALYZER_NUMBER_OBJECT_CONVERSION = YES_AGGRESSIVE;
				CLANG_CXX_LANGUAGE_STANDARD = "gnu++14";
				CLANG_CXX_LIBRARY = "libc++";
				CLANG_ENABLE_MODULES = YES;
				CLANG_ENABLE_OBJC_ARC = YES;
				CLANG_ENABLE_OBJC_WEAK = YES;
				CLANG_WARN_BLOCK_CAPTURE_AUTORELEASING = YES;
				CLANG_WARN_BOOL_CONVERSION = YES;
				CLANG_WARN_COMMA = YES;
				CLANG_WARN_CONSTANT_CONVERSION = YES;
				CLANG_WARN_DEPRECATED_OBJC_IMPLEMENTATIONS = YES;
				CLANG_WARN_DIRECT_OBJC_ISA_USAGE = YES_ERROR;
				CLANG_WARN_DOCUMENTATION_COMMENTS = YES;
				CLANG_WARN_EMPTY_BODY = YES;
				CLANG_WARN_ENUM_CONVERSION = YES;
				CLANG_WARN_INFINITE_RECURSION = YES;
				CLANG_WARN_INT_CONVERSION = YES;
				CLANG_WARN_NON_LITERAL_NULL_CONVERSION = YES;
				CLANG_WARN_OBJC_IMPLICIT_RETAIN_SELF = YES;
				CLANG_WARN_OBJC_LITERAL_CONVERSION = YES;
				CLANG_WARN_OBJC_ROOT_CLASS = YES_ERROR;
				CLANG_WARN_QUOTED_INCLUDE_IN_FRAMEWORK_HEADER = YES;
				CLANG_WARN_RANGE_LOOP_ANALYSIS = YES;
				CLANG_WARN_STRICT_PROTOTYPES = YES;
				CLANG_WARN_SUSPICIOUS_MOVE = YES;
				CLANG_WARN_UNGUARDED_AVAILABILITY = YES_AGGRESSIVE;
				CLANG_WARN_UNREACHABLE_CODE = YES;
				CLANG_WARN__DUPLICATE_METHOD_MATCH = YES;
				COPY_PHASE_STRIP = NO;
				DEBUG_INFORMATION_FORMAT = "dwarf-with-dsym";
				ENABLE_NS_ASSERTIONS = NO;
				ENABLE_STRICT_OBJC_MSGSEND = YES;
				GCC_C_LANGUAGE_STANDARD = gnu11;
				GCC_NO_COMMON_BLOCKS = YES;
				GCC_WARN_64_TO_32_BIT_CONVERSION = YES;
				GCC_WARN_ABOUT_RETURN_TYPE = YES_ERROR;
				GCC_WARN_UNDECLARED_SELECTOR = YES;
				GCC_WARN_UNINITIALIZED_AUTOS = YES_AGGRESSIVE;
				GCC_WARN_UNUSED_FUNCTION = YES;
				GCC_WARN_UNUSED_VARIABLE = YES;
				IPHONEOS_DEPLOYMENT_TARGET = 14.2;
				MTL_ENABLE_DEBUG_INFO = NO;
				MTL_FAST_MATH = YES;
				SDKROOT = iphoneos;
				SWIFT_COMPILATION_MODE = wholemodule;
				SWIFT_OPTIMIZATION_LEVEL = "-O";
				VALIDATE_PRODUCT = YES;
			};
			name = Release;
		};
		63DBD2AD25A1FFDF00BD4E66 /* Debug */ = {
			isa = XCBuildConfiguration;
			baseConfigurationReference = 82E0255CC8EB4819B03E36E1 /* Pods-CommonPods-News.debug.xcconfig */;
			buildSettings = {
				ASSETCATALOG_COMPILER_APPICON_NAME = AppIcon;
				ASSETCATALOG_COMPILER_GLOBAL_ACCENT_COLOR_NAME = AccentColor;
				CODE_SIGN_STYLE = Automatic;
				INFOPLIST_FILE = News/Info.plist;
				LD_RUNPATH_SEARCH_PATHS = (
					"$(inherited)",
					"@executable_path/Frameworks",
				);
				PRODUCT_BUNDLE_IDENTIFIER = com.ext.system.News;
				PRODUCT_NAME = "$(TARGET_NAME)";
				SWIFT_VERSION = 5.0;
				TARGETED_DEVICE_FAMILY = "1,2";
			};
			name = Debug;
		};
		63DBD2AE25A1FFDF00BD4E66 /* Release */ = {
			isa = XCBuildConfiguration;
			baseConfigurationReference = 371BF03CB8D47E7714A94D50 /* Pods-CommonPods-News.release.xcconfig */;
			buildSettings = {
				ASSETCATALOG_COMPILER_APPICON_NAME = AppIcon;
				ASSETCATALOG_COMPILER_GLOBAL_ACCENT_COLOR_NAME = AccentColor;
				CODE_SIGN_STYLE = Automatic;
				INFOPLIST_FILE = News/Info.plist;
				LD_RUNPATH_SEARCH_PATHS = (
					"$(inherited)",
					"@executable_path/Frameworks",
				);
				PRODUCT_BUNDLE_IDENTIFIER = com.ext.system.News;
				PRODUCT_NAME = "$(TARGET_NAME)";
				SWIFT_VERSION = 5.0;
				TARGETED_DEVICE_FAMILY = "1,2";
			};
			name = Release;
		};
		63DBD2B025A1FFDF00BD4E66 /* Debug */ = {
			isa = XCBuildConfiguration;
			buildSettings = {
				ALWAYS_EMBED_SWIFT_STANDARD_LIBRARIES = YES;
				BUNDLE_LOADER = "$(TEST_HOST)";
				CODE_SIGN_STYLE = Automatic;
				INFOPLIST_FILE = NewsTests/Info.plist;
				IPHONEOS_DEPLOYMENT_TARGET = 14.2;
				LD_RUNPATH_SEARCH_PATHS = (
					"$(inherited)",
					"@executable_path/Frameworks",
					"@loader_path/Frameworks",
				);
				PRODUCT_BUNDLE_IDENTIFIER = com.ext.system.NewsTests;
				PRODUCT_NAME = "$(TARGET_NAME)";
				SWIFT_VERSION = 5.0;
				TARGETED_DEVICE_FAMILY = "1,2";
				TEST_HOST = "$(BUILT_PRODUCTS_DIR)/News.app/News";
			};
			name = Debug;
		};
		63DBD2B125A1FFDF00BD4E66 /* Release */ = {
			isa = XCBuildConfiguration;
			buildSettings = {
				ALWAYS_EMBED_SWIFT_STANDARD_LIBRARIES = YES;
				BUNDLE_LOADER = "$(TEST_HOST)";
				CODE_SIGN_STYLE = Automatic;
				INFOPLIST_FILE = NewsTests/Info.plist;
				IPHONEOS_DEPLOYMENT_TARGET = 14.2;
				LD_RUNPATH_SEARCH_PATHS = (
					"$(inherited)",
					"@executable_path/Frameworks",
					"@loader_path/Frameworks",
				);
				PRODUCT_BUNDLE_IDENTIFIER = com.ext.system.NewsTests;
				PRODUCT_NAME = "$(TARGET_NAME)";
				SWIFT_VERSION = 5.0;
				TARGETED_DEVICE_FAMILY = "1,2";
				TEST_HOST = "$(BUILT_PRODUCTS_DIR)/News.app/News";
			};
			name = Release;
		};
		63DBD2B325A1FFDF00BD4E66 /* Debug */ = {
			isa = XCBuildConfiguration;
			buildSettings = {
				ALWAYS_EMBED_SWIFT_STANDARD_LIBRARIES = YES;
				CODE_SIGN_STYLE = Automatic;
				INFOPLIST_FILE = NewsUITests/Info.plist;
				LD_RUNPATH_SEARCH_PATHS = (
					"$(inherited)",
					"@executable_path/Frameworks",
					"@loader_path/Frameworks",
				);
				PRODUCT_BUNDLE_IDENTIFIER = com.ext.system.NewsUITests;
				PRODUCT_NAME = "$(TARGET_NAME)";
				SWIFT_VERSION = 5.0;
				TARGETED_DEVICE_FAMILY = "1,2";
				TEST_TARGET_NAME = News;
			};
			name = Debug;
		};
		63DBD2B425A1FFDF00BD4E66 /* Release */ = {
			isa = XCBuildConfiguration;
			buildSettings = {
				ALWAYS_EMBED_SWIFT_STANDARD_LIBRARIES = YES;
				CODE_SIGN_STYLE = Automatic;
				INFOPLIST_FILE = NewsUITests/Info.plist;
				LD_RUNPATH_SEARCH_PATHS = (
					"$(inherited)",
					"@executable_path/Frameworks",
					"@loader_path/Frameworks",
				);
				PRODUCT_BUNDLE_IDENTIFIER = com.ext.system.NewsUITests;
				PRODUCT_NAME = "$(TARGET_NAME)";
				SWIFT_VERSION = 5.0;
				TARGETED_DEVICE_FAMILY = "1,2";
				TEST_TARGET_NAME = News;
			};
			name = Release;
		};
/* End XCBuildConfiguration section */

/* Begin XCConfigurationList section */
		63DBD27A25A1FFDC00BD4E66 /* Build configuration list for PBXProject "News" */ = {
			isa = XCConfigurationList;
			buildConfigurations = (
				63DBD2AA25A1FFDF00BD4E66 /* Debug */,
				63DBD2AB25A1FFDF00BD4E66 /* Release */,
			);
			defaultConfigurationIsVisible = 0;
			defaultConfigurationName = Release;
		};
		63DBD2AC25A1FFDF00BD4E66 /* Build configuration list for PBXNativeTarget "News" */ = {
			isa = XCConfigurationList;
			buildConfigurations = (
				63DBD2AD25A1FFDF00BD4E66 /* Debug */,
				63DBD2AE25A1FFDF00BD4E66 /* Release */,
			);
			defaultConfigurationIsVisible = 0;
			defaultConfigurationName = Release;
		};
		63DBD2AF25A1FFDF00BD4E66 /* Build configuration list for PBXNativeTarget "NewsTests" */ = {
			isa = XCConfigurationList;
			buildConfigurations = (
				63DBD2B025A1FFDF00BD4E66 /* Debug */,
				63DBD2B125A1FFDF00BD4E66 /* Release */,
			);
			defaultConfigurationIsVisible = 0;
			defaultConfigurationName = Release;
		};
		63DBD2B225A1FFDF00BD4E66 /* Build configuration list for PBXNativeTarget "NewsUITests" */ = {
			isa = XCConfigurationList;
			buildConfigurations = (
				63DBD2B325A1FFDF00BD4E66 /* Debug */,
				63DBD2B425A1FFDF00BD4E66 /* Release */,
			);
			defaultConfigurationIsVisible = 0;
			defaultConfigurationName = Release;
		};
/* End XCConfigurationList section */
	};
	rootObject = 63DBD27725A1FFDC00BD4E66 /* Project object */;
}
